
Microsoft Visual Studio Solution File, Format Version 12.00
# Visual Studio 15
VisualStudioVersion = 15.0.28307.1209
MinimumVisualStudioVersion = 10.0.40219.1
Project("{FAE04EC0-301F-11D3-BF4B-00C04F79EFBC}") = "QRCodeReaderApplicationDemo", "QRCodeReaderApplicationDemo\QRCodeReaderApplicationDemo.csproj", "{7BFC18F5-E689-4A2F-AD93-576656FE2B13}"
EndProject
Global
	GlobalSection(SolutionConfigurationPlatforms) = preSolution
		Debug|Any CPU = Debug|Any CPU
		Release|Any CPU = Release|Any CPU
	EndGlobalSection
	GlobalSection(ProjectConfigurationPlatforms) = postSolution
		{7BFC18F5-E689-4A2F-AD93-576656FE2B13}.Debug|Any CPU.ActiveCfg = Debug|Any CPU
		{7BFC18F5-E689-4A2F-AD93-576656FE2B13}.Debug|Any CPU.Build.0 = Debug|Any CPU
		{7BFC18F5-E689-4A2F-AD93-576656FE2B13}.Release|Any CPU.ActiveCfg = Release|Any CPU
		{7BFC18F5-E689-4A2F-AD93-576656FE2B13}.Release|Any CPU.Build.0 = Release|Any CPU
	EndGlobalSection
	GlobalSection(SolutionProperties) = preSolution
		HideSolutionNode = FALSE
	EndGlobalSection
	GlobalSection(ExtensibilityGlobals) = postSolution
		SolutionGuid = {70B0C289-73E5-4653-B9E1-6D713714DEAE}
	EndGlobalSection
EndGlobal
